
Microsoft Visual Studio Solution File, Format Version 12.00
# Visual Studio 15
VisualStudioVersion = 15.0.28307.329
MinimumVisualStudioVersion = 10.0.40219.1
Project("{FAE04EC0-301F-11D3-BF4B-00C04F79EFBC}") = "SlotMachine", "SlotMachine\SlotMachine.csproj", "{A8C57A14-69E8-47E1-910B-D169DF89F4FC}"
EndProject
Global
	GlobalSection(SolutionConfigurationPlatforms) = preSolution
		Debug|Any CPU = Debug|Any CPU
		Release|Any CPU = Release|Any CPU
	EndGlobalSection
	GlobalSection(ProjectConfigurationPlatforms) = postSolution
		{A8C57A14-69E8-47E1-910B-D169DF89F4FC}.Debug|Any CPU.ActiveCfg = Debug|Any CPU
		{A8C57A14-69E8-47E1-910B-D169DF89F4FC}.Debug|Any CPU.Build.0 = Debug|Any CPU
		{A8C57A14-69E8-47E1-910B-D169DF89F4FC}.Release|Any CPU.ActiveCfg = Release|Any CPU
		{A8C57A14-69E8-47E1-910B-D169DF89F4FC}.Release|Any CPU.Build.0 = Release|Any CPU
	EndGlobalSection
	GlobalSection(SolutionProperties) = preSolution
		HideSolutionNode = FALSE
	EndGlobalSection
	GlobalSection(ExtensibilityGlobals) = postSolution
		SolutionGuid = {ECFCB896-5639-4D85-81A2-FC01771C09B6}
	EndGlobalSection
EndGlobal
